// !$*UTF8*$!
{
	archiveVersion = 1;
	classes = {
	};
	objectVersion = 50;
	objects = {

/* Begin PBXBuildFile section */
		1305C11F2762026E00767B83 /* AllCommand.swift in Sources */ = {isa = PBXBuildFile; fileRef = 1305C11E2762026E00767B83 /* AllCommand.swift */; };
		1305C1242762028300767B83 /* EditCommand.swift in Sources */ = {isa = PBXBuildFile; fileRef = 1305C1232762028300767B83 /* EditCommand.swift */; };
		1305C1292762043F00767B83 /* UIView.swift in Sources */ = {isa = PBXBuildFile; fileRef = 1305C1282762043F00767B83 /* UIView.swift */; };
		1333A32D2761EC1A003DAD81 /* MenuBar.swift in Sources */ = {isa = PBXBuildFile; fileRef = 1333A32C2761EC1A003DAD81 /* MenuBar.swift */; };
		1333B50F276C857F0061D17F /* AllCommandsTableViewCell.swift in Sources */ = {isa = PBXBuildFile; fileRef = 1333B50E276C857F0061D17F /* AllCommandsTableViewCell.swift */; };
		133C511B277EC694001A0CE1 /* AddNewCommandPresenter.swift in Sources */ = {isa = PBXBuildFile; fileRef = 133C511A277EC694001A0CE1 /* AddNewCommandPresenter.swift */; };
		1346D794275E33D90018112C /* AppDelegate.swift in Sources */ = {isa = PBXBuildFile; fileRef = 1346D793275E33D90018112C /* AppDelegate.swift */; };
		1346D796275E33D90018112C /* SceneDelegate.swift in Sources */ = {isa = PBXBuildFile; fileRef = 1346D795275E33D90018112C /* SceneDelegate.swift */; };
		1346D79B275E33D90018112C /* Main.storyboard in Resources */ = {isa = PBXBuildFile; fileRef = 1346D799275E33D90018112C /* Main.storyboard */; };
		1346D79E275E33D90018112C /* GameApaka.xcdatamodeld in Sources */ = {isa = PBXBuildFile; fileRef = 1346D79C275E33D90018112C /* GameApaka.xcdatamodeld */; };
		1346D7A0275E33DC0018112C /* Assets.xcassets in Resources */ = {isa = PBXBuildFile; fileRef = 1346D79F275E33DC0018112C /* Assets.xcassets */; };
		1346D7A3275E33DC0018112C /* LaunchScreen.storyboard in Resources */ = {isa = PBXBuildFile; fileRef = 1346D7A1275E33DC0018112C /* LaunchScreen.storyboard */; };
		1346D7AE275E33DC0018112C /* GameApakaTests.swift in Sources */ = {isa = PBXBuildFile; fileRef = 1346D7AD275E33DC0018112C /* GameApakaTests.swift */; };
		1346D7B9275E33DC0018112C /* GameApakaUITests.swift in Sources */ = {isa = PBXBuildFile; fileRef = 1346D7B8275E33DC0018112C /* GameApakaUITests.swift */; };
		1357264027781C400007B382 /* NetworkingService.swift in Sources */ = {isa = PBXBuildFile; fileRef = 1357263F27781C400007B382 /* NetworkingService.swift */; };
		1357264527781EA00007B382 /* NetworkingDataFetcher.swift in Sources */ = {isa = PBXBuildFile; fileRef = 1357264427781EA00007B382 /* NetworkingDataFetcher.swift */; };
		135E5A21275FD867004A549F /* AddNewCommand.swift in Sources */ = {isa = PBXBuildFile; fileRef = 135E5A20275FD867004A549F /* AddNewCommand.swift */; };
		135E5A28275FD8CA004A549F /* Extensions.swift in Sources */ = {isa = PBXBuildFile; fileRef = 135E5A27275FD8CA004A549F /* Extensions.swift */; };
		135E5A30275FDB9A004A549F /* AllCommandsViewController.swift in Sources */ = {isa = PBXBuildFile; fileRef = 135E5A2F275FDB9A004A549F /* AllCommandsViewController.swift */; };
		135E5A3B275FE304004A549F /* AddNewCommandViewController.swift in Sources */ = {isa = PBXBuildFile; fileRef = 135E5A3A275FE304004A549F /* AddNewCommandViewController.swift */; };
		13B03611277F767B00B6025F /* AddNewCommandInteractor.swift in Sources */ = {isa = PBXBuildFile; fileRef = 13B03610277F767B00B6025F /* AddNewCommandInteractor.swift */; };
		13B03616277F774000B6025F /* AddNewCommandRouter.swift in Sources */ = {isa = PBXBuildFile; fileRef = 13B03615277F774000B6025F /* AddNewCommandRouter.swift */; };
		13DED0582778DA94003DC594 /* Extension+font.swift in Sources */ = {isa = PBXBuildFile; fileRef = 13DED0572778DA94003DC594 /* Extension+font.swift */; };
/* End PBXBuildFile section */

/* Begin PBXContainerItemProxy section */
		1346D7AA275E33DC0018112C /* PBXContainerItemProxy */ = {
			isa = PBXContainerItemProxy;
			containerPortal = 1346D788275E33D90018112C /* Project object */;
			proxyType = 1;
			remoteGlobalIDString = 1346D78F275E33D90018112C;
			remoteInfo = GameApaka;
		};
		1346D7B5275E33DC0018112C /* PBXContainerItemProxy */ = {
			isa = PBXContainerItemProxy;
			containerPortal = 1346D788275E33D90018112C /* Project object */;
			proxyType = 1;
			remoteGlobalIDString = 1346D78F275E33D90018112C;
			remoteInfo = GameApaka;
		};
/* End PBXContainerItemProxy section */

/* Begin PBXFileReference section */
		1305C11E2762026E00767B83 /* AllCommand.swift */ = {isa = PBXFileReference; lastKnownFileType = sourcecode.swift; path = AllCommand.swift; sourceTree = "<group>"; };
		1305C1232762028300767B83 /* EditCommand.swift */ = {isa = PBXFileReference; lastKnownFileType = sourcecode.swift; path = EditCommand.swift; sourceTree = "<group>"; };
		1305C1282762043F00767B83 /* UIView.swift */ = {isa = PBXFileReference; lastKnownFileType = sourcecode.swift; path = UIView.swift; sourceTree = "<group>"; };
		1333A32C2761EC1A003DAD81 /* MenuBar.swift */ = {isa = PBXFileReference; lastKnownFileType = sourcecode.swift; path = MenuBar.swift; sourceTree = "<group>"; };
		1333B50E276C857F0061D17F /* AllCommandsTableViewCell.swift */ = {isa = PBXFileReference; lastKnownFileType = sourcecode.swift; path = AllCommandsTableViewCell.swift; sourceTree = "<group>"; };
		133C511A277EC694001A0CE1 /* AddNewCommandPresenter.swift */ = {isa = PBXFileReference; lastKnownFileType = sourcecode.swift; path = AddNewCommandPresenter.swift; sourceTree = "<group>"; };
		1346D790275E33D90018112C /* GameApaka.app */ = {isa = PBXFileReference; explicitFileType = wrapper.application; includeInIndex = 0; path = GameApaka.app; sourceTree = BUILT_PRODUCTS_DIR; };
		1346D793275E33D90018112C /* AppDelegate.swift */ = {isa = PBXFileReference; lastKnownFileType = sourcecode.swift; path = AppDelegate.swift; sourceTree = "<group>"; };
		1346D795275E33D90018112C /* SceneDelegate.swift */ = {isa = PBXFileReference; lastKnownFileType = sourcecode.swift; path = SceneDelegate.swift; sourceTree = "<group>"; };
		1346D79A275E33D90018112C /* Base */ = {isa = PBXFileReference; lastKnownFileType = file.storyboard; name = Base; path = Base.lproj/Main.storyboard; sourceTree = "<group>"; };
		1346D79D275E33D90018112C /* GameApaka.xcdatamodel */ = {isa = PBXFileReference; lastKnownFileType = wrapper.xcdatamodel; path = GameApaka.xcdatamodel; sourceTree = "<group>"; };
		1346D79F275E33DC0018112C /* Assets.xcassets */ = {isa = PBXFileReference; lastKnownFileType = folder.assetcatalog; path = Assets.xcassets; sourceTree = "<group>"; };
		1346D7A2275E33DC0018112C /* Base */ = {isa = PBXFileReference; lastKnownFileType = file.storyboard; name = Base; path = Base.lproj/LaunchScreen.storyboard; sourceTree = "<group>"; };
		1346D7A4275E33DC0018112C /* Info.plist */ = {isa = PBXFileReference; lastKnownFileType = text.plist.xml; path = Info.plist; sourceTree = "<group>"; };
		1346D7A9275E33DC0018112C /* GameApakaTests.xctest */ = {isa = PBXFileReference; explicitFileType = wrapper.cfbundle; includeInIndex = 0; path = GameApakaTests.xctest; sourceTree = BUILT_PRODUCTS_DIR; };
		1346D7AD275E33DC0018112C /* GameApakaTests.swift */ = {isa = PBXFileReference; lastKnownFileType = sourcecode.swift; path = GameApakaTests.swift; sourceTree = "<group>"; };
		1346D7AF275E33DC0018112C /* Info.plist */ = {isa = PBXFileReference; lastKnownFileType = text.plist.xml; path = Info.plist; sourceTree = "<group>"; };
		1346D7B4275E33DC0018112C /* GameApakaUITests.xctest */ = {isa = PBXFileReference; explicitFileType = wrapper.cfbundle; includeInIndex = 0; path = GameApakaUITests.xctest; sourceTree = BUILT_PRODUCTS_DIR; };
		1346D7B8275E33DC0018112C /* GameApakaUITests.swift */ = {isa = PBXFileReference; lastKnownFileType = sourcecode.swift; path = GameApakaUITests.swift; sourceTree = "<group>"; };
		1346D7BA275E33DC0018112C /* Info.plist */ = {isa = PBXFileReference; lastKnownFileType = text.plist.xml; path = Info.plist; sourceTree = "<group>"; };
		1357263F27781C400007B382 /* NetworkingService.swift */ = {isa = PBXFileReference; lastKnownFileType = sourcecode.swift; path = NetworkingService.swift; sourceTree = "<group>"; };
		1357264427781EA00007B382 /* NetworkingDataFetcher.swift */ = {isa = PBXFileReference; lastKnownFileType = sourcecode.swift; path = NetworkingDataFetcher.swift; sourceTree = "<group>"; };
		135E5A20275FD867004A549F /* AddNewCommand.swift */ = {isa = PBXFileReference; lastKnownFileType = sourcecode.swift; path = AddNewCommand.swift; sourceTree = "<group>"; };
		135E5A27275FD8CA004A549F /* Extensions.swift */ = {isa = PBXFileReference; lastKnownFileType = sourcecode.swift; path = Extensions.swift; sourceTree = "<group>"; };
		135E5A2F275FDB9A004A549F /* AllCommandsViewController.swift */ = {isa = PBXFileReference; lastKnownFileType = sourcecode.swift; path = AllCommandsViewController.swift; sourceTree = "<group>"; };
		135E5A3A275FE304004A549F /* AddNewCommandViewController.swift */ = {isa = PBXFileReference; lastKnownFileType = sourcecode.swift; path = AddNewCommandViewController.swift; sourceTree = "<group>"; };
		13B03610277F767B00B6025F /* AddNewCommandInteractor.swift */ = {isa = PBXFileReference; lastKnownFileType = sourcecode.swift; path = AddNewCommandInteractor.swift; sourceTree = "<group>"; };
		13B03615277F774000B6025F /* AddNewCommandRouter.swift */ = {isa = PBXFileReference; lastKnownFileType = sourcecode.swift; path = AddNewCommandRouter.swift; sourceTree = "<group>"; };
		13DED0572778DA94003DC594 /* Extension+font.swift */ = {isa = PBXFileReference; lastKnownFileType = sourcecode.swift; path = "Extension+font.swift"; sourceTree = "<group>"; };
/* End PBXFileReference section */

/* Begin PBXFrameworksBuildPhase section */
		1346D78D275E33D90018112C /* Frameworks */ = {
			isa = PBXFrameworksBuildPhase;
			buildActionMask = 2147483647;
			files = (
			);
			runOnlyForDeploymentPostprocessing = 0;
		};
		1346D7A6275E33DC0018112C /* Frameworks */ = {
			isa = PBXFrameworksBuildPhase;
			buildActionMask = 2147483647;
			files = (
			);
			runOnlyForDeploymentPostprocessing = 0;
		};
		1346D7B1275E33DC0018112C /* Frameworks */ = {
			isa = PBXFrameworksBuildPhase;
			buildActionMask = 2147483647;
			files = (
			);
			runOnlyForDeploymentPostprocessing = 0;
		};
/* End PBXFrameworksBuildPhase section */

/* Begin PBXGroup section */
		1305C11D2762023E00767B83 /* elementsMenuBar */ = {
			isa = PBXGroup;
			children = (
				135E5A20275FD867004A549F /* AddNewCommand.swift */,
				1305C11E2762026E00767B83 /* AllCommand.swift */,
				1333B50E276C857F0061D17F /* AllCommandsTableViewCell.swift */,
				1305C1232762028300767B83 /* EditCommand.swift */,
			);
			path = elementsMenuBar;
			sourceTree = "<group>";
		};
		1328138C277D757500DA9A90 /* StoryBoard */ = {
			isa = PBXGroup;
			children = (
				1346D799275E33D90018112C /* Main.storyboard */,
				1346D7A1275E33DC0018112C /* LaunchScreen.storyboard */,
			);
			path = StoryBoard;
			sourceTree = "<group>";
		};
		1328138D277D75A300DA9A90 /* AddModule */ = {
			isa = PBXGroup;
			children = (
				13281390277D774C00DA9A90 /* View */,
				13281391277D775D00DA9A90 /* Interactor */,
				13281393277D77BE00DA9A90 /* Presenter */,
				13281392277D778B00DA9A90 /* Entities */,
				13281394277D77FB00DA9A90 /* Router */,
			);
			path = AddModule;
			sourceTree = "<group>";
		};
		1328138E277D76EE00DA9A90 /* AllCommandsModule */ = {
			isa = PBXGroup;
			children = (
				135E5A2F275FDB9A004A549F /* AllCommandsViewController.swift */,
			);
			path = AllCommandsModule;
			sourceTree = "<group>";
		};
		1328138F277D773C00DA9A90 /* DatabaseModel */ = {
			isa = PBXGroup;
			children = (
			);
			path = DatabaseModel;
			sourceTree = "<group>";
		};
		13281390277D774C00DA9A90 /* View */ = {
			isa = PBXGroup;
			children = (
				135E5A3A275FE304004A549F /* AddNewCommandViewController.swift */,
				1305C11D2762023E00767B83 /* elementsMenuBar */,
				1333A32C2761EC1A003DAD81 /* MenuBar.swift */,
			);
			path = View;
			sourceTree = "<group>";
		};
		13281391277D775D00DA9A90 /* Interactor */ = {
			isa = PBXGroup;
			children = (
				13B03610277F767B00B6025F /* AddNewCommandInteractor.swift */,
			);
			path = Interactor;
			sourceTree = "<group>";
		};
		13281392277D778B00DA9A90 /* Entities */ = {
			isa = PBXGroup;
			children = (
				1328138F277D773C00DA9A90 /* DatabaseModel */,
			);
			path = Entities;
			sourceTree = "<group>";
		};
		13281393277D77BE00DA9A90 /* Presenter */ = {
			isa = PBXGroup;
			children = (
				133C511A277EC694001A0CE1 /* AddNewCommandPresenter.swift */,
			);
			path = Presenter;
			sourceTree = "<group>";
		};
		13281394277D77FB00DA9A90 /* Router */ = {
			isa = PBXGroup;
			children = (
				13B03615277F774000B6025F /* AddNewCommandRouter.swift */,
			);
			path = Router;
			sourceTree = "<group>";
		};
		13281395277D795C00DA9A90 /* Common */ = {
			isa = PBXGroup;
			children = (
			);
			path = Common;
			sourceTree = "<group>";
		};
		132813A6277D7D1500DA9A90 /* Database */ = {
			isa = PBXGroup;
			children = (
				1346D79C275E33D90018112C /* GameApaka.xcdatamodeld */,
			);
			path = Database;
			sourceTree = "<group>";
		};
		1346D787275E33D90018112C = {
			isa = PBXGroup;
			children = (
				1346D792275E33D90018112C /* GameApaka */,
				1346D7AC275E33DC0018112C /* GameApakaTests */,
				1346D7B7275E33DC0018112C /* GameApakaUITests */,
				1346D791275E33D90018112C /* Products */,
			);
			sourceTree = "<group>";
		};
		1346D791275E33D90018112C /* Products */ = {
			isa = PBXGroup;
			children = (
				1346D790275E33D90018112C /* GameApaka.app */,
				1346D7A9275E33DC0018112C /* GameApakaTests.xctest */,
				1346D7B4275E33DC0018112C /* GameApakaUITests.xctest */,
			);
			name = Products;
			sourceTree = "<group>";
		};
		1346D792275E33D90018112C /* GameApaka */ = {
			isa = PBXGroup;
			children = (
				135E5A26275FD8A4004A549F /* Extension */,
				13281395277D795C00DA9A90 /* Common */,
				132813A6277D7D1500DA9A90 /* Database */,
				1357263E27781C000007B382 /* WebServices */,
				1328138D277D75A300DA9A90 /* AddModule */,
				1328138E277D76EE00DA9A90 /* AllCommandsModule */,
				1346D793275E33D90018112C /* AppDelegate.swift */,
				1346D795275E33D90018112C /* SceneDelegate.swift */,
				1346D79F275E33DC0018112C /* Assets.xcassets */,
				1346D7A4275E33DC0018112C /* Info.plist */,
				1328138C277D757500DA9A90 /* StoryBoard */,
			);
			path = GameApaka;
			sourceTree = "<group>";
		};
		1346D7AC275E33DC0018112C /* GameApakaTests */ = {
			isa = PBXGroup;
			children = (
				1346D7AD275E33DC0018112C /* GameApakaTests.swift */,
				1346D7AF275E33DC0018112C /* Info.plist */,
			);
			path = GameApakaTests;
			sourceTree = "<group>";
		};
		1346D7B7275E33DC0018112C /* GameApakaUITests */ = {
			isa = PBXGroup;
			children = (
				1346D7B8275E33DC0018112C /* GameApakaUITests.swift */,
				1346D7BA275E33DC0018112C /* Info.plist */,
			);
			path = GameApakaUITests;
			sourceTree = "<group>";
		};
		1357263E27781C000007B382 /* WebServices */ = {
			isa = PBXGroup;
			children = (
				1357263F27781C400007B382 /* NetworkingService.swift */,
				1357264427781EA00007B382 /* NetworkingDataFetcher.swift */,
			);
			path = WebServices;
			sourceTree = "<group>";
		};
		135E5A26275FD8A4004A549F /* Extension */ = {
			isa = PBXGroup;
			children = (
				135E5A27275FD8CA004A549F /* Extensions.swift */,
				1305C1282762043F00767B83 /* UIView.swift */,
				13DED0572778DA94003DC594 /* Extension+font.swift */,
			);
			path = Extension;
			sourceTree = "<group>";
		};
/* End PBXGroup section */

/* Begin PBXNativeTarget section */
		1346D78F275E33D90018112C /* GameApaka */ = {
			isa = PBXNativeTarget;
			buildConfigurationList = 1346D7BD275E33DC0018112C /* Build configuration list for PBXNativeTarget "GameApaka" */;
			buildPhases = (
				1346D78C275E33D90018112C /* Sources */,
				1346D78D275E33D90018112C /* Frameworks */,
				1346D78E275E33D90018112C /* Resources */,
			);
			buildRules = (
			);
			dependencies = (
			);
			name = GameApaka;
			productName = GameApaka;
			productReference = 1346D790275E33D90018112C /* GameApaka.app */;
			productType = "com.apple.product-type.application";
		};
		1346D7A8275E33DC0018112C /* GameApakaTests */ = {
			isa = PBXNativeTarget;
			buildConfigurationList = 1346D7C0275E33DC0018112C /* Build configuration list for PBXNativeTarget "GameApakaTests" */;
			buildPhases = (
				1346D7A5275E33DC0018112C /* Sources */,
				1346D7A6275E33DC0018112C /* Frameworks */,
				1346D7A7275E33DC0018112C /* Resources */,
			);
			buildRules = (
			);
			dependencies = (
				1346D7AB275E33DC0018112C /* PBXTargetDependency */,
			);
			name = GameApakaTests;
			productName = GameApakaTests;
			productReference = 1346D7A9275E33DC0018112C /* GameApakaTests.xctest */;
			productType = "com.apple.product-type.bundle.unit-test";
		};
		1346D7B3275E33DC0018112C /* GameApakaUITests */ = {
			isa = PBXNativeTarget;
			buildConfigurationList = 1346D7C3275E33DC0018112C /* Build configuration list for PBXNativeTarget "GameApakaUITests" */;
			buildPhases = (
				1346D7B0275E33DC0018112C /* Sources */,
				1346D7B1275E33DC0018112C /* Frameworks */,
				1346D7B2275E33DC0018112C /* Resources */,
			);
			buildRules = (
			);
			dependencies = (
				1346D7B6275E33DC0018112C /* PBXTargetDependency */,
			);
			name = GameApakaUITests;
			productName = GameApakaUITests;
			productReference = 1346D7B4275E33DC0018112C /* GameApakaUITests.xctest */;
			productType = "com.apple.product-type.bundle.ui-testing";
		};
/* End PBXNativeTarget section */

/* Begin PBXProject section */
		1346D788275E33D90018112C /* Project object */ = {
			isa = PBXProject;
			attributes = {
				LastSwiftUpdateCheck = 1230;
				LastUpgradeCheck = 1230;
				TargetAttributes = {
					1346D78F275E33D90018112C = {
						CreatedOnToolsVersion = 12.3;
					};
					1346D7A8275E33DC0018112C = {
						CreatedOnToolsVersion = 12.3;
						TestTargetID = 1346D78F275E33D90018112C;
					};
					1346D7B3275E33DC0018112C = {
						CreatedOnToolsVersion = 12.3;
						TestTargetID = 1346D78F275E33D90018112C;
					};
				};
			};
			buildConfigurationList = 1346D78B275E33D90018112C /* Build configuration list for PBXProject "GameApaka" */;
			compatibilityVersion = "Xcode 9.3";
			developmentRegion = en;
			hasScannedForEncodings = 0;
			knownRegions = (
				en,
				Base,
			);
			mainGroup = 1346D787275E33D90018112C;
			productRefGroup = 1346D791275E33D90018112C /* Products */;
			projectDirPath = "";
			projectRoot = "";
			targets = (
				1346D78F275E33D90018112C /* GameApaka */,
				1346D7A8275E33DC0018112C /* GameApakaTests */,
				1346D7B3275E33DC0018112C /* GameApakaUITests */,
			);
		};
/* End PBXProject section */

/* Begin PBXResourcesBuildPhase section */
		1346D78E275E33D90018112C /* Resources */ = {
			isa = PBXResourcesBuildPhase;
			buildActionMask = 2147483647;
			files = (
				1346D7A3275E33DC0018112C /* LaunchScreen.storyboard in Resources */,
				1346D7A0275E33DC0018112C /* Assets.xcassets in Resources */,
				1346D79B275E33D90018112C /* Main.storyboard in Resources */,
			);
			runOnlyForDeploymentPostprocessing = 0;
		};
		1346D7A7275E33DC0018112C /* Resources */ = {
			isa = PBXResourcesBuildPhase;
			buildActionMask = 2147483647;
			files = (
			);
			runOnlyForDeploymentPostprocessing = 0;
		};
		1346D7B2275E33DC0018112C /* Resources */ = {
			isa = PBXResourcesBuildPhase;
			buildActionMask = 2147483647;
			files = (
			);
			runOnlyForDeploymentPostprocessing = 0;
		};
/* End PBXResourcesBuildPhase section */

/* Begin PBXSourcesBuildPhase section */
		1346D78C275E33D90018112C /* Sources */ = {
			isa = PBXSourcesBuildPhase;
			buildActionMask = 2147483647;
			files = (
				135E5A3B275FE304004A549F /* AddNewCommandViewController.swift in Sources */,
				133C511B277EC694001A0CE1 /* AddNewCommandPresenter.swift in Sources */,
				135E5A30275FDB9A004A549F /* AllCommandsViewController.swift in Sources */,
				13B03616277F774000B6025F /* AddNewCommandRouter.swift in Sources */,
				1333A32D2761EC1A003DAD81 /* MenuBar.swift in Sources */,
				1305C1292762043F00767B83 /* UIView.swift in Sources */,
				135E5A28275FD8CA004A549F /* Extensions.swift in Sources */,
				13B03611277F767B00B6025F /* AddNewCommandInteractor.swift in Sources */,
				1346D794275E33D90018112C /* AppDelegate.swift in Sources */,
				1346D79E275E33D90018112C /* GameApaka.xcdatamodeld in Sources */,
				1305C1242762028300767B83 /* EditCommand.swift in Sources */,
				1305C11F2762026E00767B83 /* AllCommand.swift in Sources */,
				1357264527781EA00007B382 /* NetworkingDataFetcher.swift in Sources */,
				13DED0582778DA94003DC594 /* Extension+font.swift in Sources */,
				135E5A21275FD867004A549F /* AddNewCommand.swift in Sources */,
				1346D796275E33D90018112C /* SceneDelegate.swift in Sources */,
				1357264027781C400007B382 /* NetworkingService.swift in Sources */,
				1333B50F276C857F0061D17F /* AllCommandsTableViewCell.swift in Sources */,
			);
			runOnlyForDeploymentPostprocessing = 0;
		};
		1346D7A5275E33DC0018112C /* Sources */ = {
			isa = PBXSourcesBuildPhase;
			buildActionMask = 2147483647;
			files = (
				1346D7AE275E33DC0018112C /* GameApakaTests.swift in Sources */,
			);
			runOnlyForDeploymentPostprocessing = 0;
		};
		1346D7B0275E33DC0018112C /* Sources */ = {
			isa = PBXSourcesBuildPhase;
			buildActionMask = 2147483647;
			files = (
				1346D7B9275E33DC0018112C /* GameApakaUITests.swift in Sources */,
			);
			runOnlyForDeploymentPostprocessing = 0;
		};
/* End PBXSourcesBuildPhase section */

/* Begin PBXTargetDependency section */
		1346D7AB275E33DC0018112C /* PBXTargetDependency */ = {
			isa = PBXTargetDependency;
			target = 1346D78F275E33D90018112C /* GameApaka */;
			targetProxy = 1346D7AA275E33DC0018112C /* PBXContainerItemProxy */;
		};
		1346D7B6275E33DC0018112C /* PBXTargetDependency */ = {
			isa = PBXTargetDependency;
			target = 1346D78F275E33D90018112C /* GameApaka */;
			targetProxy = 1346D7B5275E33DC0018112C /* PBXContainerItemProxy */;
		};
/* End PBXTargetDependency section */

/* Begin PBXVariantGroup section */
		1346D799275E33D90018112C /* Main.storyboard */ = {
			isa = PBXVariantGroup;
			children = (
				1346D79A275E33D90018112C /* Base */,
			);
			name = Main.storyboard;
			sourceTree = "<group>";
		};
		1346D7A1275E33DC0018112C /* LaunchScreen.storyboard */ = {
			isa = PBXVariantGroup;
			children = (
				1346D7A2275E33DC0018112C /* Base */,
			);
			name = LaunchScreen.storyboard;
			sourceTree = "<group>";
		};
/* End PBXVariantGroup section */

/* Begin XCBuildConfiguration section */
		1346D7BB275E33DC0018112C /* Debug */ = {
			isa = XCBuildConfiguration;
			buildSettings = {
				ALWAYS_SEARCH_USER_PATHS = NO;
				CLANG_ANALYZER_NONNULL = YES;
				CLANG_ANALYZER_NUMBER_OBJECT_CONVERSION = YES_AGGRESSIVE;
				CLANG_CXX_LANGUAGE_STANDARD = "gnu++14";
				CLANG_CXX_LIBRARY = "libc++";
				CLANG_ENABLE_MODULES = YES;
				CLANG_ENABLE_OBJC_ARC = YES;
				CLANG_ENABLE_OBJC_WEAK = YES;
				CLANG_WARN_BLOCK_CAPTURE_AUTORELEASING = YES;
				CLANG_WARN_BOOL_CONVERSION = YES;
				CLANG_WARN_COMMA = YES;
				CLANG_WARN_CONSTANT_CONVERSION = YES;
				CLANG_WARN_DEPRECATED_OBJC_IMPLEMENTATIONS = YES;
				CLANG_WARN_DIRECT_OBJC_ISA_USAGE = YES_ERROR;
				CLANG_WARN_DOCUMENTATION_COMMENTS = YES;
				CLANG_WARN_EMPTY_BODY = YES;
				CLANG_WARN_ENUM_CONVERSION = YES;
				CLANG_WARN_INFINITE_RECURSION = YES;
				CLANG_WARN_INT_CONVERSION = YES;
				CLANG_WARN_NON_LITERAL_NULL_CONVERSION = YES;
				CLANG_WARN_OBJC_IMPLICIT_RETAIN_SELF = YES;
				CLANG_WARN_OBJC_LITERAL_CONVERSION = YES;
				CLANG_WARN_OBJC_ROOT_CLASS = YES_ERROR;
				CLANG_WARN_QUOTED_INCLUDE_IN_FRAMEWORK_HEADER = YES;
				CLANG_WARN_RANGE_LOOP_ANALYSIS = YES;
				CLANG_WARN_STRICT_PROTOTYPES = YES;
				CLANG_WARN_SUSPICIOUS_MOVE = YES;
				CLANG_WARN_UNGUARDED_AVAILABILITY = YES_AGGRESSIVE;
				CLANG_WARN_UNREACHABLE_CODE = YES;
				CLANG_WARN__DUPLICATE_METHOD_MATCH = YES;
				COPY_PHASE_STRIP = NO;
				DEBUG_INFORMATION_FORMAT = dwarf;
				ENABLE_STRICT_OBJC_MSGSEND = YES;
				ENABLE_TESTABILITY = YES;
				GCC_C_LANGUAGE_STANDARD = gnu11;
				GCC_DYNAMIC_NO_PIC = NO;
				GCC_NO_COMMON_BLOCKS = YES;
				GCC_OPTIMIZATION_LEVEL = 0;
				GCC_PREPROCESSOR_DEFINITIONS = (
					"DEBUG=1",
					"$(inherited)",
				);
				GCC_WARN_64_TO_32_BIT_CONVERSION = YES;
				GCC_WARN_ABOUT_RETURN_TYPE = YES_ERROR;
				GCC_WARN_UNDECLARED_SELECTOR = YES;
				GCC_WARN_UNINITIALIZED_AUTOS = YES_AGGRESSIVE;
				GCC_WARN_UNUSED_FUNCTION = YES;
				GCC_WARN_UNUSED_VARIABLE = YES;
				IPHONEOS_DEPLOYMENT_TARGET = 14.3;
				MTL_ENABLE_DEBUG_INFO = INCLUDE_SOURCE;
				MTL_FAST_MATH = YES;
				ONLY_ACTIVE_ARCH = YES;
				SDKROOT = iphoneos;
				SWIFT_ACTIVE_COMPILATION_CONDITIONS = DEBUG;
				SWIFT_OPTIMIZATION_LEVEL = "-Onone";
			};
			name = Debug;
		};
		1346D7BC275E33DC0018112C /* Release */ = {
			isa = XCBuildConfiguration;
			buildSettings = {
				ALWAYS_SEARCH_USER_PATHS = NO;
				CLANG_ANALYZER_NONNULL = YES;
				CLANG_ANALYZER_NUMBER_OBJECT_CONVERSION = YES_AGGRESSIVE;
				CLANG_CXX_LANGUAGE_STANDARD = "gnu++14";
				CLANG_CXX_LIBRARY = "libc++";
				CLANG_ENABLE_MODULES = YES;
				CLANG_ENABLE_OBJC_ARC = YES;
				CLANG_ENABLE_OBJC_WEAK = YES;
				CLANG_WARN_BLOCK_CAPTURE_AUTORELEASING = YES;
				CLANG_WARN_BOOL_CONVERSION = YES;
				CLANG_WARN_COMMA = YES;
				CLANG_WARN_CONSTANT_CONVERSION = YES;
				CLANG_WARN_DEPRECATED_OBJC_IMPLEMENTATIONS = YES;
				CLANG_WARN_DIRECT_OBJC_ISA_USAGE = YES_ERROR;
				CLANG_WARN_DOCUMENTATION_COMMENTS = YES;
				CLANG_WARN_EMPTY_BODY = YES;
				CLANG_WARN_ENUM_CONVERSION = YES;
				CLANG_WARN_INFINITE_RECURSION = YES;
				CLANG_WARN_INT_CONVERSION = YES;
				CLANG_WARN_NON_LITERAL_NULL_CONVERSION = YES;
				CLANG_WARN_OBJC_IMPLICIT_RETAIN_SELF = YES;
				CLANG_WARN_OBJC_LITERAL_CONVERSION = YES;
				CLANG_WARN_OBJC_ROOT_CLASS = YES_ERROR;
				CLANG_WARN_QUOTED_INCLUDE_IN_FRAMEWORK_HEADER = YES;
				CLANG_WARN_RANGE_LOOP_ANALYSIS = YES;
				CLANG_WARN_STRICT_PROTOTYPES = YES;
				CLANG_WARN_SUSPICIOUS_MOVE = YES;
				CLANG_WARN_UNGUARDED_AVAILABILITY = YES_AGGRESSIVE;
				CLANG_WARN_UNREACHABLE_CODE = YES;
				CLANG_WARN__DUPLICATE_METHOD_MATCH = YES;
				COPY_PHASE_STRIP = NO;
				DEBUG_INFORMATION_FORMAT = "dwarf-with-dsym";
				ENABLE_NS_ASSERTIONS = NO;
				ENABLE_STRICT_OBJC_MSGSEND = YES;
				GCC_C_LANGUAGE_STANDARD = gnu11;
				GCC_NO_COMMON_BLOCKS = YES;
				GCC_WARN_64_TO_32_BIT_CONVERSION = YES;
				GCC_WARN_ABOUT_RETURN_TYPE = YES_ERROR;
				GCC_WARN_UNDECLARED_SELECTOR = YES;
				GCC_WARN_UNINITIALIZED_AUTOS = YES_AGGRESSIVE;
				GCC_WARN_UNUSED_FUNCTION = YES;
				GCC_WARN_UNUSED_VARIABLE = YES;
				IPHONEOS_DEPLOYMENT_TARGET = 14.3;
				MTL_ENABLE_DEBUG_INFO = NO;
				MTL_FAST_MATH = YES;
				SDKROOT = iphoneos;
				SWIFT_COMPILATION_MODE = wholemodule;
				SWIFT_OPTIMIZATION_LEVEL = "-O";
				VALIDATE_PRODUCT = YES;
			};
			name = Release;
		};
		1346D7BE275E33DC0018112C /* Debug */ = {
			isa = XCBuildConfiguration;
			buildSettings = {
				ASSETCATALOG_COMPILER_APPICON_NAME = AppIcon;
				ASSETCATALOG_COMPILER_GLOBAL_ACCENT_COLOR_NAME = AccentColor;
				CODE_SIGN_STYLE = Automatic;
				INFOPLIST_FILE = GameApaka/Info.plist;
				LD_RUNPATH_SEARCH_PATHS = (
					"$(inherited)",
					"@executable_path/Frameworks",
				);
				PRODUCT_BUNDLE_IDENTIFIER = wiasoft.ru.GameApaka;
				PRODUCT_NAME = "$(TARGET_NAME)";
				SWIFT_VERSION = 5.0;
				TARGETED_DEVICE_FAMILY = "1,2";
			};
			name = Debug;
		};
		1346D7BF275E33DC0018112C /* Release */ = {
			isa = XCBuildConfiguration;
			buildSettings = {
				ASSETCATALOG_COMPILER_APPICON_NAME = AppIcon;
				ASSETCATALOG_COMPILER_GLOBAL_ACCENT_COLOR_NAME = AccentColor;
				CODE_SIGN_STYLE = Automatic;
				INFOPLIST_FILE = GameApaka/Info.plist;
				LD_RUNPATH_SEARCH_PATHS = (
					"$(inherited)",
					"@executable_path/Frameworks",
				);
				PRODUCT_BUNDLE_IDENTIFIER = wiasoft.ru.GameApaka;
				PRODUCT_NAME = "$(TARGET_NAME)";
				SWIFT_VERSION = 5.0;
				TARGETED_DEVICE_FAMILY = "1,2";
			};
			name = Release;
		};
		1346D7C1275E33DC0018112C /* Debug */ = {
			isa = XCBuildConfiguration;
			buildSettings = {
				ALWAYS_EMBED_SWIFT_STANDARD_LIBRARIES = YES;
				BUNDLE_LOADER = "$(TEST_HOST)";
				CODE_SIGN_STYLE = Automatic;
				INFOPLIST_FILE = GameApakaTests/Info.plist;
				IPHONEOS_DEPLOYMENT_TARGET = 14.3;
				LD_RUNPATH_SEARCH_PATHS = (
					"$(inherited)",
					"@executable_path/Frameworks",
					"@loader_path/Frameworks",
				);
				PRODUCT_BUNDLE_IDENTIFIER = wiasoft.ru.GameApakaTests;
				PRODUCT_NAME = "$(TARGET_NAME)";
				SWIFT_VERSION = 5.0;
				TARGETED_DEVICE_FAMILY = "1,2";
				TEST_HOST = "$(BUILT_PRODUCTS_DIR)/GameApaka.app/GameApaka";
			};
			name = Debug;
		};
		1346D7C2275E33DC0018112C /* Release */ = {
			isa = XCBuildConfiguration;
			buildSettings = {
				ALWAYS_EMBED_SWIFT_STANDARD_LIBRARIES = YES;
				BUNDLE_LOADER = "$(TEST_HOST)";
				CODE_SIGN_STYLE = Automatic;
				INFOPLIST_FILE = GameApakaTests/Info.plist;
				IPHONEOS_DEPLOYMENT_TARGET = 14.3;
				LD_RUNPATH_SEARCH_PATHS = (
					"$(inherited)",
					"@executable_path/Frameworks",
					"@loader_path/Frameworks",
				);
				PRODUCT_BUNDLE_IDENTIFIER = wiasoft.ru.GameApakaTests;
				PRODUCT_NAME = "$(TARGET_NAME)";
				SWIFT_VERSION = 5.0;
				TARGETED_DEVICE_FAMILY = "1,2";
				TEST_HOST = "$(BUILT_PRODUCTS_DIR)/GameApaka.app/GameApaka";
			};
			name = Release;
		};
		1346D7C4275E33DC0018112C /* Debug */ = {
			isa = XCBuildConfiguration;
			buildSettings = {
				ALWAYS_EMBED_SWIFT_STANDARD_LIBRARIES = YES;
				CODE_SIGN_STYLE = Automatic;
				INFOPLIST_FILE = GameApakaUITests/Info.plist;
				LD_RUNPATH_SEARCH_PATHS = (
					"$(inherited)",
					"@executable_path/Frameworks",
					"@loader_path/Frameworks",
				);
				PRODUCT_BUNDLE_IDENTIFIER = wiasoft.ru.GameApakaUITests;
				PRODUCT_NAME = "$(TARGET_NAME)";
				SWIFT_VERSION = 5.0;
				TARGETED_DEVICE_FAMILY = "1,2";
				TEST_TARGET_NAME = GameApaka;
			};
			name = Debug;
		};
		1346D7C5275E33DC0018112C /* Release */ = {
			isa = XCBuildConfiguration;
			buildSettings = {
				ALWAYS_EMBED_SWIFT_STANDARD_LIBRARIES = YES;
				CODE_SIGN_STYLE = Automatic;
				INFOPLIST_FILE = GameApakaUITests/Info.plist;
				LD_RUNPATH_SEARCH_PATHS = (
					"$(inherited)",
					"@executable_path/Frameworks",
					"@loader_path/Frameworks",
				);
				PRODUCT_BUNDLE_IDENTIFIER = wiasoft.ru.GameApakaUITests;
				PRODUCT_NAME = "$(TARGET_NAME)";
				SWIFT_VERSION = 5.0;
				TARGETED_DEVICE_FAMILY = "1,2";
				TEST_TARGET_NAME = GameApaka;
			};
			name = Release;
		};
/* End XCBuildConfiguration section */

/* Begin XCConfigurationList section */
		1346D78B275E33D90018112C /* Build configuration list for PBXProject "GameApaka" */ = {
			isa = XCConfigurationList;
			buildConfigurations = (
				1346D7BB275E33DC0018112C /* Debug */,
				1346D7BC275E33DC0018112C /* Release */,
			);
			defaultConfigurationIsVisible = 0;
			defaultConfigurationName = Release;
		};
		1346D7BD275E33DC0018112C /* Build configuration list for PBXNativeTarget "GameApaka" */ = {
			isa = XCConfigurationList;
			buildConfigurations = (
				1346D7BE275E33DC0018112C /* Debug */,
				1346D7BF275E33DC0018112C /* Release */,
			);
			defaultConfigurationIsVisible = 0;
			defaultConfigurationName = Release;
		};
		1346D7C0275E33DC0018112C /* Build configuration list for PBXNativeTarget "GameApakaTests" */ = {
			isa = XCConfigurationList;
			buildConfigurations = (
				1346D7C1275E33DC0018112C /* Debug */,
				1346D7C2275E33DC0018112C /* Release */,
			);
			defaultConfigurationIsVisible = 0;
			defaultConfigurationName = Release;
		};
		1346D7C3275E33DC0018112C /* Build configuration list for PBXNativeTarget "GameApakaUITests" */ = {
			isa = XCConfigurationList;
			buildConfigurations = (
				1346D7C4275E33DC0018112C /* Debug */,
				1346D7C5275E33DC0018112C /* Release */,
			);
			defaultConfigurationIsVisible = 0;
			defaultConfigurationName = Release;
		};
/* End XCConfigurationList section */

/* Begin XCVersionGroup section */
		1346D79C275E33D90018112C /* GameApaka.xcdatamodeld */ = {
			isa = XCVersionGroup;
			children = (
				1346D79D275E33D90018112C /* GameApaka.xcdatamodel */,
			);
			currentVersion = 1346D79D275E33D90018112C /* GameApaka.xcdatamodel */;
			path = GameApaka.xcdatamodeld;
			sourceTree = "<group>";
			versionGroupType = wrapper.xcdatamodel;
		};
/* End XCVersionGroup section */
	};
	rootObject = 1346D788275E33D90018112C /* Project object */;
}
